// !$*UTF8*$!
{
	archiveVersion = 1;
	classes = {
	};
	objectVersion = 48;
	objects = {

/* Begin PBXBuildFile section */
		423DCEEE1FC3D4E200C8C0CE /* SubViewController.swift in Sources */ = {isa = PBXBuildFile; fileRef = 423DCEED1FC3D4E200C8C0CE /* SubViewController.swift */; };
		424AD2F61FD5C30F004AC2DB /* s.png in Resources */ = {isa = PBXBuildFile; fileRef = 424AD2F51FD5C30E004AC2DB /* s.png */; };
		424AD3001FD5C459004AC2DB /* lr.png in Resources */ = {isa = PBXBuildFile; fileRef = 424AD2F71FD5C458004AC2DB /* lr.png */; };
		424AD3011FD5C459004AC2DB /* sn.png in Resources */ = {isa = PBXBuildFile; fileRef = 424AD2F81FD5C458004AC2DB /* sn.png */; };
		424AD3021FD5C459004AC2DB /* t.png in Resources */ = {isa = PBXBuildFile; fileRef = 424AD2F91FD5C458004AC2DB /* t.png */; };
		424AD3031FD5C459004AC2DB /* sl.png in Resources */ = {isa = PBXBuildFile; fileRef = 424AD2FA1FD5C458004AC2DB /* sl.png */; };
		424AD3041FD5C459004AC2DB /* hr.png in Resources */ = {isa = PBXBuildFile; fileRef = 424AD2FB1FD5C458004AC2DB /* hr.png */; };
		424AD3051FD5C459004AC2DB /* c.png in Resources */ = {isa = PBXBuildFile; fileRef = 424AD2FC1FD5C458004AC2DB /* c.png */; };
		424AD3061FD5C459004AC2DB /* h.png in Resources */ = {isa = PBXBuildFile; fileRef = 424AD2FD1FD5C459004AC2DB /* h.png */; };
		424AD3071FD5C459004AC2DB /* hc.png in Resources */ = {isa = PBXBuildFile; fileRef = 424AD2FE1FD5C459004AC2DB /* hc.png */; };
		424AD3081FD5C459004AC2DB /* lc.png in Resources */ = {isa = PBXBuildFile; fileRef = 424AD2FF1FD5C459004AC2DB /* lc.png */; };
		424AD31C1FD5E8B5004AC2DB /* Wind.wav in Resources */ = {isa = PBXBuildFile; fileRef = 424AD31B1FD5E8B5004AC2DB /* Wind.wav */; };
		42BF44EA1FA959A00058DC0F /* AppDelegate.swift in Sources */ = {isa = PBXBuildFile; fileRef = 42BF44E91FA959A00058DC0F /* AppDelegate.swift */; };
		42BF44EC1FA959A00058DC0F /* MasterViewController.swift in Sources */ = {isa = PBXBuildFile; fileRef = 42BF44EB1FA959A00058DC0F /* MasterViewController.swift */; };
		42BF44EE1FA959A00058DC0F /* DetailViewController.swift in Sources */ = {isa = PBXBuildFile; fileRef = 42BF44ED1FA959A00058DC0F /* DetailViewController.swift */; };
		42BF44F11FA959A00058DC0F /* Main.storyboard in Resources */ = {isa = PBXBuildFile; fileRef = 42BF44EF1FA959A00058DC0F /* Main.storyboard */; };
		42BF44F31FA959A00058DC0F /* Assets.xcassets in Resources */ = {isa = PBXBuildFile; fileRef = 42BF44F21FA959A00058DC0F /* Assets.xcassets */; };
		42BF44F61FA959A00058DC0F /* LaunchScreen.storyboard in Resources */ = {isa = PBXBuildFile; fileRef = 42BF44F41FA959A00058DC0F /* LaunchScreen.storyboard */; };
		42C8CB171FC9278D00A22EEA /* Weather.swift in Sources */ = {isa = PBXBuildFile; fileRef = 42C8CB161FC9278D00A22EEA /* Weather.swift */; };
/* End PBXBuildFile section */

/* Begin PBXFileReference section */
		423DCEED1FC3D4E200C8C0CE /* SubViewController.swift */ = {isa = PBXFileReference; lastKnownFileType = sourcecode.swift; path = SubViewController.swift; sourceTree = "<group>"; };
		424AD2F51FD5C30E004AC2DB /* s.png */ = {isa = PBXFileReference; lastKnownFileType = image.png; name = s.png; path = ../../../../../../Pictures/Project/s.png; sourceTree = "<group>"; };
		424AD2F71FD5C458004AC2DB /* lr.png */ = {isa = PBXFileReference; lastKnownFileType = image.png; name = lr.png; path = ../../../../../../Pictures/Project/lr.png; sourceTree = "<group>"; };
		424AD2F81FD5C458004AC2DB /* sn.png */ = {isa = PBXFileReference; lastKnownFileType = image.png; name = sn.png; path = ../../../../../../Pictures/Project/sn.png; sourceTree = "<group>"; };
		424AD2F91FD5C458004AC2DB /* t.png */ = {isa = PBXFileReference; lastKnownFileType = image.png; name = t.png; path = ../../../../../../Pictures/Project/t.png; sourceTree = "<group>"; };
		424AD2FA1FD5C458004AC2DB /* sl.png */ = {isa = PBXFileReference; lastKnownFileType = image.png; name = sl.png; path = ../../../../../../Pictures/Project/sl.png; sourceTree = "<group>"; };
		424AD2FB1FD5C458004AC2DB /* hr.png */ = {isa = PBXFileReference; lastKnownFileType = image.png; name = hr.png; path = ../../../../../../Pictures/Project/hr.png; sourceTree = "<group>"; };
		424AD2FC1FD5C458004AC2DB /* c.png */ = {isa = PBXFileReference; lastKnownFileType = image.png; name = c.png; path = ../../../../../../Pictures/Project/c.png; sourceTree = "<group>"; };
		424AD2FD1FD5C459004AC2DB /* h.png */ = {isa = PBXFileReference; lastKnownFileType = image.png; name = h.png; path = ../../../../../../Pictures/Project/h.png; sourceTree = "<group>"; };
		424AD2FE1FD5C459004AC2DB /* hc.png */ = {isa = PBXFileReference; lastKnownFileType = image.png; name = hc.png; path = ../../../../../../Pictures/Project/hc.png; sourceTree = "<group>"; };
		424AD2FF1FD5C459004AC2DB /* lc.png */ = {isa = PBXFileReference; lastKnownFileType = image.png; name = lc.png; path = ../../../../../../Pictures/Project/lc.png; sourceTree = "<group>"; };
		424AD31B1FD5E8B5004AC2DB /* Wind.wav */ = {isa = PBXFileReference; lastKnownFileType = audio.wav; name = Wind.wav; path = ../../../../Wind.wav; sourceTree = "<group>"; };
		42BF44E61FA959A00058DC0F /* Adedayo Aworunse Project2.app */ = {isa = PBXFileReference; explicitFileType = wrapper.application; includeInIndex = 0; path = "Adedayo Aworunse Project2.app"; sourceTree = BUILT_PRODUCTS_DIR; };
		42BF44E91FA959A00058DC0F /* AppDelegate.swift */ = {isa = PBXFileReference; lastKnownFileType = sourcecode.swift; path = AppDelegate.swift; sourceTree = "<group>"; };
		42BF44EB1FA959A00058DC0F /* MasterViewController.swift */ = {isa = PBXFileReference; lastKnownFileType = sourcecode.swift; path = MasterViewController.swift; sourceTree = "<group>"; };
		42BF44ED1FA959A00058DC0F /* DetailViewController.swift */ = {isa = PBXFileReference; lastKnownFileType = sourcecode.swift; path = DetailViewController.swift; sourceTree = "<group>"; };
		42BF44F01FA959A00058DC0F /* Base */ = {isa = PBXFileReference; lastKnownFileType = file.storyboard; name = Base; path = Base.lproj/Main.storyboard; sourceTree = "<group>"; };
		42BF44F21FA959A00058DC0F /* Assets.xcassets */ = {isa = PBXFileReference; lastKnownFileType = folder.assetcatalog; path = Assets.xcassets; sourceTree = "<group>"; };
		42BF44F51FA959A00058DC0F /* Base */ = {isa = PBXFileReference; lastKnownFileType = file.storyboard; name = Base; path = Base.lproj/LaunchScreen.storyboard; sourceTree = "<group>"; };
		42BF44F71FA959A00058DC0F /* Info.plist */ = {isa = PBXFileReference; lastKnownFileType = text.plist.xml; path = Info.plist; sourceTree = "<group>"; };
		42C8CB161FC9278D00A22EEA /* Weather.swift */ = {isa = PBXFileReference; lastKnownFileType = sourcecode.swift; path = Weather.swift; sourceTree = "<group>"; };
/* End PBXFileReference section */

/* Begin PBXFrameworksBuildPhase section */
		42BF44E31FA959A00058DC0F /* Frameworks */ = {
			isa = PBXFrameworksBuildPhase;
			buildActionMask = 2147483647;
			files = (
			);
			runOnlyForDeploymentPostprocessing = 0;
		};
/* End PBXFrameworksBuildPhase section */

/* Begin PBXGroup section */
		42BF44DD1FA959A00058DC0F = {
			isa = PBXGroup;
			children = (
				42BF44E81FA959A00058DC0F /* Adedayo Aworunse Project2 */,
				42BF44E71FA959A00058DC0F /* Products */,
			);
			sourceTree = "<group>";
		};
		42BF44E71FA959A00058DC0F /* Products */ = {
			isa = PBXGroup;
			children = (
				42BF44E61FA959A00058DC0F /* Adedayo Aworunse Project2.app */,
			);
			name = Products;
			sourceTree = "<group>";
		};
		42BF44E81FA959A00058DC0F /* Adedayo Aworunse Project2 */ = {
			isa = PBXGroup;
			children = (
				424AD2F51FD5C30E004AC2DB /* s.png */,
				424AD2FC1FD5C458004AC2DB /* c.png */,
				424AD2FD1FD5C459004AC2DB /* h.png */,
				424AD2FE1FD5C459004AC2DB /* hc.png */,
				424AD2FB1FD5C458004AC2DB /* hr.png */,
				424AD2FF1FD5C459004AC2DB /* lc.png */,
				424AD2F71FD5C458004AC2DB /* lr.png */,
				424AD2FA1FD5C458004AC2DB /* sl.png */,
				424AD2F81FD5C458004AC2DB /* sn.png */,
				424AD31B1FD5E8B5004AC2DB /* Wind.wav */,
				424AD2F91FD5C458004AC2DB /* t.png */,
				42BF44E91FA959A00058DC0F /* AppDelegate.swift */,
				42BF44EB1FA959A00058DC0F /* MasterViewController.swift */,
				42BF44ED1FA959A00058DC0F /* DetailViewController.swift */,
				42BF44EF1FA959A00058DC0F /* Main.storyboard */,
				42BF44F21FA959A00058DC0F /* Assets.xcassets */,
				42BF44F41FA959A00058DC0F /* LaunchScreen.storyboard */,
				42BF44F71FA959A00058DC0F /* Info.plist */,
				423DCEED1FC3D4E200C8C0CE /* SubViewController.swift */,
				42C8CB161FC9278D00A22EEA /* Weather.swift */,
			);
			path = "Adedayo Aworunse Project2";
			sourceTree = "<group>";
		};
/* End PBXGroup section */

/* Begin PBXNativeTarget section */
		42BF44E51FA959A00058DC0F /* Adedayo Aworunse Project2 */ = {
			isa = PBXNativeTarget;
			buildConfigurationList = 42BF44FA1FA959A00058DC0F /* Build configuration list for PBXNativeTarget "Adedayo Aworunse Project2" */;
			buildPhases = (
				42BF44E21FA959A00058DC0F /* Sources */,
				42BF44E31FA959A00058DC0F /* Frameworks */,
				42BF44E41FA959A00058DC0F /* Resources */,
			);
			buildRules = (
			);
			dependencies = (
			);
			name = "Adedayo Aworunse Project2";
			productName = "Adedayo Aworunse Project2";
			productReference = 42BF44E61FA959A00058DC0F /* Adedayo Aworunse Project2.app */;
			productType = "com.apple.product-type.application";
		};
/* End PBXNativeTarget section */

/* Begin PBXProject section */
		42BF44DE1FA959A00058DC0F /* Project object */ = {
			isa = PBXProject;
			attributes = {
				LastSwiftUpdateCheck = 0900;
				LastUpgradeCheck = 0900;
				ORGANIZATIONNAME = Adedayo;
				TargetAttributes = {
					42BF44E51FA959A00058DC0F = {
						CreatedOnToolsVersion = 9.0.1;
						ProvisioningStyle = Automatic;
					};
				};
			};
			buildConfigurationList = 42BF44E11FA959A00058DC0F /* Build configuration list for PBXProject "Adedayo Aworunse Project2" */;
			compatibilityVersion = "Xcode 8.0";
			developmentRegion = en;
			hasScannedForEncodings = 0;
			knownRegions = (
				en,
				Base,
			);
			mainGroup = 42BF44DD1FA959A00058DC0F;
			productRefGroup = 42BF44E71FA959A00058DC0F /* Products */;
			projectDirPath = "";
			projectRoot = "";
			targets = (
				42BF44E51FA959A00058DC0F /* Adedayo Aworunse Project2 */,
			);
		};
/* End PBXProject section */

/* Begin PBXResourcesBuildPhase section */
		42BF44E41FA959A00058DC0F /* Resources */ = {
			isa = PBXResourcesBuildPhase;
			buildActionMask = 2147483647;
			files = (
				424AD3081FD5C459004AC2DB /* lc.png in Resources */,
				424AD3071FD5C459004AC2DB /* hc.png in Resources */,
				424AD3061FD5C459004AC2DB /* h.png in Resources */,
				424AD3031FD5C459004AC2DB /* sl.png in Resources */,
				424AD3011FD5C459004AC2DB /* sn.png in Resources */,
				424AD3001FD5C459004AC2DB /* lr.png in Resources */,
				42BF44F61FA959A00058DC0F /* LaunchScreen.storyboard in Resources */,
				42BF44F31FA959A00058DC0F /* Assets.xcassets in Resources */,
				424AD31C1FD5E8B5004AC2DB /* Wind.wav in Resources */,
				424AD3021FD5C459004AC2DB /* t.png in Resources */,
				424AD3041FD5C459004AC2DB /* hr.png in Resources */,
				424AD2F61FD5C30F004AC2DB /* s.png in Resources */,
				42BF44F11FA959A00058DC0F /* Main.storyboard in Resources */,
				424AD3051FD5C459004AC2DB /* c.png in Resources */,
			);
			runOnlyForDeploymentPostprocessing = 0;
		};
/* End PBXResourcesBuildPhase section */

/* Begin PBXSourcesBuildPhase section */
		42BF44E21FA959A00058DC0F /* Sources */ = {
			isa = PBXSourcesBuildPhase;
			buildActionMask = 2147483647;
			files = (
				42BF44EE1FA959A00058DC0F /* DetailViewController.swift in Sources */,
				423DCEEE1FC3D4E200C8C0CE /* SubViewController.swift in Sources */,
				42BF44EC1FA959A00058DC0F /* MasterViewController.swift in Sources */,
				42C8CB171FC9278D00A22EEA /* Weather.swift in Sources */,
				42BF44EA1FA959A00058DC0F /* AppDelegate.swift in Sources */,
			);
			runOnlyForDeploymentPostprocessing = 0;
		};
/* End PBXSourcesBuildPhase section */

/* Begin PBXVariantGroup section */
		42BF44EF1FA959A00058DC0F /* Main.storyboard */ = {
			isa = PBXVariantGroup;
			children = (
				42BF44F01FA959A00058DC0F /* Base */,
			);
			name = Main.storyboard;
			sourceTree = "<group>";
		};
		42BF44F41FA959A00058DC0F /* LaunchScreen.storyboard */ = {
			isa = PBXVariantGroup;
			children = (
				42BF44F51FA959A00058DC0F /* Base */,
			);
			name = LaunchScreen.storyboard;
			sourceTree = "<group>";
		};
/* End PBXVariantGroup section */

/* Begin XCBuildConfiguration section */
		42BF44F81FA959A00058DC0F /* Debug */ = {
			isa = XCBuildConfiguration;
			buildSettings = {
				ALWAYS_SEARCH_USER_PATHS = NO;
				CLANG_ANALYZER_NONNULL = YES;
				CLANG_ANALYZER_NUMBER_OBJECT_CONVERSION = YES_AGGRESSIVE;
				CLANG_CXX_LANGUAGE_STANDARD = "gnu++14";
				CLANG_CXX_LIBRARY = "libc++";
				CLANG_ENABLE_MODULES = YES;
				CLANG_ENABLE_OBJC_ARC = YES;
				CLANG_WARN_BLOCK_CAPTURE_AUTORELEASING = YES;
				CLANG_WARN_BOOL_CONVERSION = YES;
				CLANG_WARN_COMMA = YES;
				CLANG_WARN_CONSTANT_CONVERSION = YES;
				CLANG_WARN_DIRECT_OBJC_ISA_USAGE = YES_ERROR;
				CLANG_WARN_DOCUMENTATION_COMMENTS = YES;
				CLANG_WARN_EMPTY_BODY = YES;
				CLANG_WARN_ENUM_CONVERSION = YES;
				CLANG_WARN_INFINITE_RECURSION = YES;
				CLANG_WARN_INT_CONVERSION = YES;
				CLANG_WARN_NON_LITERAL_NULL_CONVERSION = YES;
				CLANG_WARN_OBJC_LITERAL_CONVERSION = YES;
				CLANG_WARN_OBJC_ROOT_CLASS = YES_ERROR;
				CLANG_WARN_RANGE_LOOP_ANALYSIS = YES;
				CLANG_WARN_STRICT_PROTOTYPES = YES;
				CLANG_WARN_SUSPICIOUS_MOVE = YES;
				CLANG_WARN_UNGUARDED_AVAILABILITY = YES_AGGRESSIVE;
				CLANG_WARN_UNREACHABLE_CODE = YES;
				CLANG_WARN__DUPLICATE_METHOD_MATCH = YES;
				CODE_SIGN_IDENTITY = "iPhone Developer";
				COPY_PHASE_STRIP = NO;
				DEBUG_INFORMATION_FORMAT = dwarf;
				ENABLE_STRICT_OBJC_MSGSEND = YES;
				ENABLE_TESTABILITY = YES;
				GCC_C_LANGUAGE_STANDARD = gnu11;
				GCC_DYNAMIC_NO_PIC = NO;
				GCC_NO_COMMON_BLOCKS = YES;
				GCC_OPTIMIZATION_LEVEL = 0;
				GCC_PREPROCESSOR_DEFINITIONS = (
					"DEBUG=1",
					"$(inherited)",
				);
				GCC_WARN_64_TO_32_BIT_CONVERSION = YES;
				GCC_WARN_ABOUT_RETURN_TYPE = YES_ERROR;
				GCC_WARN_UNDECLARED_SELECTOR = YES;
				GCC_WARN_UNINITIALIZED_AUTOS = YES_AGGRESSIVE;
				GCC_WARN_UNUSED_FUNCTION = YES;
				GCC_WARN_UNUSED_VARIABLE = YES;
				IPHONEOS_DEPLOYMENT_TARGET = 11.0;
				MTL_ENABLE_DEBUG_INFO = YES;
				ONLY_ACTIVE_ARCH = YES;
				SDKROOT = iphoneos;
				SWIFT_ACTIVE_COMPILATION_CONDITIONS = DEBUG;
				SWIFT_OPTIMIZATION_LEVEL = "-Onone";
			};
			name = Debug;
		};
		42BF44F91FA959A00058DC0F /* Release */ = {
			isa = XCBuildConfiguration;
			buildSettings = {
				ALWAYS_SEARCH_USER_PATHS = NO;
				CLANG_ANALYZER_NONNULL = YES;
				CLANG_ANALYZER_NUMBER_OBJECT_CONVERSION = YES_AGGRESSIVE;
				CLANG_CXX_LANGUAGE_STANDARD = "gnu++14";
				CLANG_CXX_LIBRARY = "libc++";
				CLANG_ENABLE_MODULES = YES;
				CLANG_ENABLE_OBJC_ARC = YES;
				CLANG_WARN_BLOCK_CAPTURE_AUTORELEASING = YES;
				CLANG_WARN_BOOL_CONVERSION = YES;
				CLANG_WARN_COMMA = YES;
				CLANG_WARN_CONSTANT_CONVERSION = YES;
				CLANG_WARN_DIRECT_OBJC_ISA_USAGE = YES_ERROR;
				CLANG_WARN_DOCUMENTATION_COMMENTS = YES;
				CLANG_WARN_EMPTY_BODY = YES;
				CLANG_WARN_ENUM_CONVERSION = YES;
				CLANG_WARN_INFINITE_RECURSION = YES;
				CLANG_WARN_INT_CONVERSION = YES;
				CLANG_WARN_NON_LITERAL_NULL_CONVERSION = YES;
				CLANG_WARN_OBJC_LITERAL_CONVERSION = YES;
				CLANG_WARN_OBJC_ROOT_CLASS = YES_ERROR;
				CLANG_WARN_RANGE_LOOP_ANALYSIS = YES;
				CLANG_WARN_STRICT_PROTOTYPES = YES;
				CLANG_WARN_SUSPICIOUS_MOVE = YES;
				CLANG_WARN_UNGUARDED_AVAILABILITY = YES_AGGRESSIVE;
				CLANG_WARN_UNREACHABLE_CODE = YES;
				CLANG_WARN__DUPLICATE_METHOD_MATCH = YES;
				CODE_SIGN_IDENTITY = "iPhone Developer";
				COPY_PHASE_STRIP = NO;
				DEBUG_INFORMATION_FORMAT = "dwarf-with-dsym";
				ENABLE_NS_ASSERTIONS = NO;
				ENABLE_STRICT_OBJC_MSGSEND = YES;
				GCC_C_LANGUAGE_STANDARD = gnu11;
				GCC_NO_COMMON_BLOCKS = YES;
				GCC_WARN_64_TO_32_BIT_CONVERSION = YES;
				GCC_WARN_ABOUT_RETURN_TYPE = YES_ERROR;
				GCC_WARN_UNDECLARED_SELECTOR = YES;
				GCC_WARN_UNINITIALIZED_AUTOS = YES_AGGRESSIVE;
				GCC_WARN_UNUSED_FUNCTION = YES;
				GCC_WARN_UNUSED_VARIABLE = YES;
				IPHONEOS_DEPLOYMENT_TARGET = 11.0;
				MTL_ENABLE_DEBUG_INFO = NO;
				SDKROOT = iphoneos;
				SWIFT_OPTIMIZATION_LEVEL = "-Owholemodule";
				VALIDATE_PRODUCT = YES;
			};
			name = Release;
		};
		42BF44FB1FA959A00058DC0F /* Debug */ = {
			isa = XCBuildConfiguration;
			buildSettings = {
				ASSETCATALOG_COMPILER_APPICON_NAME = AppIcon;
				CODE_SIGN_STYLE = Automatic;
				INFOPLIST_FILE = "Adedayo Aworunse Project2/Info.plist";
				IPHONEOS_DEPLOYMENT_TARGET = 11.1;
				LD_RUNPATH_SEARCH_PATHS = "$(inherited) @executable_path/Frameworks";
				PRODUCT_BUNDLE_IDENTIFIER = "AA.Adedayo-Aworunse-Project2";
				PRODUCT_NAME = "$(TARGET_NAME)";
				SWIFT_VERSION = 4.0;
				TARGETED_DEVICE_FAMILY = "1,2";
			};
			name = Debug;
		};
		42BF44FC1FA959A00058DC0F /* Release */ = {
			isa = XCBuildConfiguration;
			buildSettings = {
				ASSETCATALOG_COMPILER_APPICON_NAME = AppIcon;
				CODE_SIGN_STYLE = Automatic;
				INFOPLIST_FILE = "Adedayo Aworunse Project2/Info.plist";
				IPHONEOS_DEPLOYMENT_TARGET = 11.1;
				LD_RUNPATH_SEARCH_PATHS = "$(inherited) @executable_path/Frameworks";
				PRODUCT_BUNDLE_IDENTIFIER = "AA.Adedayo-Aworunse-Project2";
				PRODUCT_NAME = "$(TARGET_NAME)";
				SWIFT_VERSION = 4.0;
				TARGETED_DEVICE_FAMILY = "1,2";
			};
			name = Release;
		};
/* End XCBuildConfiguration section */

/* Begin XCConfigurationList section */
		42BF44E11FA959A00058DC0F /* Build configuration list for PBXProject "Adedayo Aworunse Project2" */ = {
			isa = XCConfigurationList;
			buildConfigurations = (
				42BF44F81FA959A00058DC0F /* Debug */,
				42BF44F91FA959A00058DC0F /* Release */,
			);
			defaultConfigurationIsVisible = 0;
			defaultConfigurationName = Release;
		};
		42BF44FA1FA959A00058DC0F /* Build configuration list for PBXNativeTarget "Adedayo Aworunse Project2" */ = {
			isa = XCConfigurationList;
			buildConfigurations = (
				42BF44FB1FA959A00058DC0F /* Debug */,
				42BF44FC1FA959A00058DC0F /* Release */,
			);
			defaultConfigurationIsVisible = 0;
			defaultConfigurationName = Release;
		};
/* End XCConfigurationList section */
	};
	rootObject = 42BF44DE1FA959A00058DC0F /* Project object */;
}
